// !$*UTF8*$!
{
	archiveVersion = 1;
	classes = {
	};
	objectVersion = 46;
	objects = {

/* Begin PBXBuildFile section */
		719BAA6819F9F80A00473402 /* main.cpp in Sources */ = {isa = PBXBuildFile; fileRef = 719BAA6719F9F80A00473402 /* main.cpp */; };
/* End PBXBuildFile section */

/* Begin PBXCopyFilesBuildPhase section */
		719BAA6219F9F80A00473402 /* CopyFiles */ = {
			isa = PBXCopyFilesBuildPhase;
			buildActionMask = 2147483647;
			dstPath = /usr/share/man/man1/;
			dstSubfolderSpec = 0;
			files = (
			);
			runOnlyForDeploymentPostprocessing = 1;
		};
/* End PBXCopyFilesBuildPhase section */

/* Begin PBXFileReference section */
		719BAA6419F9F80A00473402 /* Skeet Good */ = {isa = PBXFileReference; explicitFileType = "compiled.mach-o.executable"; includeInIndex = 0; path = "Skeet Good"; sourceTree = BUILT_PRODUCTS_DIR; };
		719BAA6719F9F80A00473402 /* main.cpp */ = {isa = PBXFileReference; lastKnownFileType = sourcecode.cpp.cpp; path = main.cpp; sourceTree = "<group>"; };
/* End PBXFileReference section */

/* Begin PBXFrameworksBuildPhase section */
		719BAA6119F9F80A00473402 /* Frameworks */ = {
			isa = PBXFrameworksBuildPhase;
			buildActionMask = 2147483647;
			files = (
			);
			runOnlyForDeploymentPostprocessing = 0;
		};
/* End PBXFrameworksBuildPhase section */

/* Begin PBXGroup section */
		719BAA5B19F9F80A00473402 = {
			isa = PBXGroup;
			children = (
				719BAA6619F9F80A00473402 /* Skeet Good */,
				719BAA6519F9F80A00473402 /* Products */,
			);
			sourceTree = "<group>";
		};
		719BAA6519F9F80A00473402 /* Products */ = {
			isa = PBXGroup;
			children = (
				719BAA6419F9F80A00473402 /* Skeet Good */,
			);
			name = Products;
			sourceTree = "<group>";
		};
		719BAA6619F9F80A00473402 /* Skeet Good */ = {
			isa = PBXGroup;
			children = (
				719BAA6719F9F80A00473402 /* main.cpp */,
			);
			path = "Skeet Good";
			sourceTree = "<group>";
		};
/* End PBXGroup section */

/* Begin PBXNativeTarget section */
		719BAA6319F9F80A00473402 /* Skeet Good */ = {
			isa = PBXNativeTarget;
			buildConfigurationList = 719BAA6B19F9F80A00473402 /* Build configuration list for PBXNativeTarget "Skeet Good" */;
			buildPhases = (
				719BAA6019F9F80A00473402 /* Sources */,
				719BAA6119F9F80A00473402 /* Frameworks */,
				719BAA6219F9F80A00473402 /* CopyFiles */,
			);
			buildRules = (
			);
			dependencies = (
			);
			name = "Skeet Good";
			productName = "Skeet Good";
			productReference = 719BAA6419F9F80A00473402 /* Skeet Good */;
			productType = "com.apple.product-type.tool";
		};
/* End PBXNativeTarget section */

/* Begin PBXProject section */
		719BAA5C19F9F80A00473402 /* Project object */ = {
			isa = PBXProject;
			attributes = {
				LastUpgradeCheck = 0610;
				ORGANIZATIONNAME = "Benjamin Patch";
				TargetAttributes = {
					719BAA6319F9F80A00473402 = {
						CreatedOnToolsVersion = 6.1;
					};
				};
			};
			buildConfigurationList = 719BAA5F19F9F80A00473402 /* Build configuration list for PBXProject "Skeet Good" */;
			compatibilityVersion = "Xcode 3.2";
			developmentRegion = English;
			hasScannedForEncodings = 0;
			knownRegions = (
				en,
			);
			mainGroup = 719BAA5B19F9F80A00473402;
			productRefGroup = 719BAA6519F9F80A00473402 /* Products */;
			projectDirPath = "";
			projectRoot = "";
			targets = (
				719BAA6319F9F80A00473402 /* Skeet Good */,
			);
		};
/* End PBXProject section */

/* Begin PBXSourcesBuildPhase section */
		719BAA6019F9F80A00473402 /* Sources */ = {
			isa = PBXSourcesBuildPhase;
			buildActionMask = 2147483647;
			files = (
				719BAA6819F9F80A00473402 /* main.cpp in Sources */,
			);
			runOnlyForDeploymentPostprocessing = 0;
		};
/* End PBXSourcesBuildPhase section */

/* Begin XCBuildConfiguration section */
		719BAA6919F9F80A00473402 /* Debug */ = {
			isa = XCBuildConfiguration;
			buildSettings = {
				ALWAYS_SEARCH_USER_PATHS = NO;
				CLANG_CXX_LANGUAGE_STANDARD = "gnu++0x";
				CLANG_CXX_LIBRARY = "libc++";
				CLANG_ENABLE_MODULES = YES;
				CLANG_ENABLE_OBJC_ARC = YES;
				CLANG_WARN_BOOL_CONVERSION = YES;
				CLANG_WARN_CONSTANT_CONVERSION = YES;
				CLANG_WARN_DIRECT_OBJC_ISA_USAGE = YES_ERROR;
				CLANG_WARN_EMPTY_BODY = YES;
				CLANG_WARN_ENUM_CONVERSION = YES;
				CLANG_WARN_INT_CONVERSION = YES;
				CLANG_WARN_OBJC_ROOT_CLASS = YES_ERROR;
				CLANG_WARN_UNREACHABLE_CODE = YES;
				CLANG_WARN__DUPLICATE_METHOD_MATCH = YES;
				COPY_PHASE_STRIP = NO;
				ENABLE_STRICT_OBJC_MSGSEND = YES;
				GCC_C_LANGUAGE_STANDARD = gnu99;
				GCC_DYNAMIC_NO_PIC = NO;
				GCC_OPTIMIZATION_LEVEL = 0;
				GCC_PREPROCESSOR_DEFINITIONS = (
					"DEBUG=1",
					"$(inherited)",
				);
				GCC_SYMBOLS_PRIVATE_EXTERN = NO;
				GCC_WARN_64_TO_32_BIT_CONVERSION = YES;
				GCC_WARN_ABOUT_RETURN_TYPE = YES_ERROR;
				GCC_WARN_UNDECLARED_SELECTOR = YES;
				GCC_WARN_UNINITIALIZED_AUTOS = YES_AGGRESSIVE;
				GCC_WARN_UNUSED_FUNCTION = YES;
				GCC_WARN_UNUSED_VARIABLE = YES;
				MACOSX_DEPLOYMENT_TARGET = 10.10;
				MTL_ENABLE_DEBUG_INFO = YES;
				ONLY_ACTIVE_ARCH = YES;
				SDKROOT = macosx;
			};
			name = Debug;
		};
		719BAA6A19F9F80A00473402 /* Release */ = {
			isa = XCBuildConfiguration;
			buildSettings = {
				ALWAYS_SEARCH_USER_PATHS = NO;
				CLANG_CXX_LANGUAGE_STANDARD = "gnu++0x";
				CLANG_CXX_LIBRARY = "libc++";
				CLANG_ENABLE_MODULES = YES;
				CLANG_ENABLE_OBJC_ARC = YES;
				CLANG_WARN_BOOL_CONVERSION = YES;
				CLANG_WARN_CONSTANT_CONVERSION = YES;
				CLANG_WARN_DIRECT_OBJC_ISA_USAGE = YES_ERROR;
				CLANG_WARN_EMPTY_BODY = YES;
				CLANG_WARN_ENUM_CONVERSION = YES;
				CLANG_WARN_INT_CONVERSION = YES;
				CLANG_WARN_OBJC_ROOT_CLASS = YES_ERROR;
				CLANG_WARN_UNREACHABLE_CODE = YES;
				CLANG_WARN__DUPLICATE_METHOD_MATCH = YES;
				COPY_PHASE_STRIP = YES;
				DEBUG_INFORMATION_FORMAT = "dwarf-with-dsym";
				ENABLE_NS_ASSERTIONS = NO;
				ENABLE_STRICT_OBJC_MSGSEND = YES;
				GCC_C_LANGUAGE_STANDARD = gnu99;
				GCC_WARN_64_TO_32_BIT_CONVERSION = YES;
				GCC_WARN_ABOUT_RETURN_TYPE = YES_ERROR;
				GCC_WARN_UNDECLARED_SELECTOR = YES;
				GCC_WARN_UNINITIALIZED_AUTOS = YES_AGGRESSIVE;
				GCC_WARN_UNUSED_FUNCTION = YES;
				GCC_WARN_UNUSED_VARIABLE = YES;
				MACOSX_DEPLOYMENT_TARGET = 10.10;
				MTL_ENABLE_DEBUG_INFO = NO;
				SDKROOT = macosx;
			};
			name = Release;
		};
		719BAA6C19F9F80A00473402 /* Debug */ = {
			isa = XCBuildConfiguration;
			buildSettings = {
				PRODUCT_NAME = "$(TARGET_NAME)";
			};
			name = Debug;
		};
		719BAA6D19F9F80A00473402 /* Release */ = {
			isa = XCBuildConfiguration;
			buildSettings = {
				PRODUCT_NAME = "$(TARGET_NAME)";
			};
			name = Release;
		};
/* End XCBuildConfiguration section */

/* Begin XCConfigurationList section */
		719BAA5F19F9F80A00473402 /* Build configuration list for PBXProject "Skeet Good" */ = {
			isa = XCConfigurationList;
			buildConfigurations = (
				719BAA6919F9F80A00473402 /* Debug */,
				719BAA6A19F9F80A00473402 /* Release */,
			);
			defaultConfigurationIsVisible = 0;
			defaultConfigurationName = Release;
		};
		719BAA6B19F9F80A00473402 /* Build configuration list for PBXNativeTarget "Skeet Good" */ = {
			isa = XCConfigurationList;
			buildConfigurations = (
				719BAA6C19F9F80A00473402 /* Debug */,
				719BAA6D19F9F80A00473402 /* Release */,
			);
			defaultConfigurationIsVisible = 0;
		};
/* End XCConfigurationList section */
	};
	rootObject = 719BAA5C19F9F80A00473402 /* Project object */;
}
